
Microsoft Visual Studio Solution File, Format Version 12.00
# Visual Studio Version 17
VisualStudioVersion = 17.13.35825.156
MinimumVisualStudioVersion = 10.0.40219.1
Project("{FAE04EC0-301F-11D3-BF4B-00C04F79EFBC}") = "dotnet-lab2", "dotnet-lab2.csproj", "{7297EA73-C881-42D9-9666-FDD42641657A}"
EndProject
Project("{2150E333-8FDC-42A3-9474-1A3956D46DE8}") = "Elementy rozwiązania", "Elementy rozwiązania", "{8FB176BD-0036-D269-15EA-F86E90622887}"
EndProject
Project("{FAE04EC0-301F-11D3-BF4B-00C04F79EFBC}") = "UnitTests", "..\UnitTests\UnitTests.csproj", "{BC25E127-B7B8-4034-BBC1-29FFC6C55803}"
EndProject
Project("{FAE04EC0-301F-11D3-BF4B-00C04F79EFBC}") = "GUI-Knapsack", "..\GUI-Knapsack\GUI-Knapsack.csproj", "{AAE7270E-36F1-4A0E-82DE-D76AA2D68EFB}"
EndProject
Global
	GlobalSection(SolutionConfigurationPlatforms) = preSolution
		Debug|Any CPU = Debug|Any CPU
		Release|Any CPU = Release|Any CPU
	EndGlobalSection
	GlobalSection(ProjectConfigurationPlatforms) = postSolution
		{7297EA73-C881-42D9-9666-FDD42641657A}.Debug|Any CPU.ActiveCfg = Debug|Any CPU
		{7297EA73-C881-42D9-9666-FDD42641657A}.Debug|Any CPU.Build.0 = Debug|Any CPU
		{7297EA73-C881-42D9-9666-FDD42641657A}.Release|Any CPU.ActiveCfg = Release|Any CPU
		{7297EA73-C881-42D9-9666-FDD42641657A}.Release|Any CPU.Build.0 = Release|Any CPU
		{BC25E127-B7B8-4034-BBC1-29FFC6C55803}.Debug|Any CPU.ActiveCfg = Debug|Any CPU
		{BC25E127-B7B8-4034-BBC1-29FFC6C55803}.Debug|Any CPU.Build.0 = Debug|Any CPU
		{BC25E127-B7B8-4034-BBC1-29FFC6C55803}.Release|Any CPU.ActiveCfg = Release|Any CPU
		{BC25E127-B7B8-4034-BBC1-29FFC6C55803}.Release|Any CPU.Build.0 = Release|Any CPU
		{AAE7270E-36F1-4A0E-82DE-D76AA2D68EFB}.Debug|Any CPU.ActiveCfg = Debug|Any CPU
		{AAE7270E-36F1-4A0E-82DE-D76AA2D68EFB}.Debug|Any CPU.Build.0 = Debug|Any CPU
		{AAE7270E-36F1-4A0E-82DE-D76AA2D68EFB}.Release|Any CPU.ActiveCfg = Release|Any CPU
		{AAE7270E-36F1-4A0E-82DE-D76AA2D68EFB}.Release|Any CPU.Build.0 = Release|Any CPU
	EndGlobalSection
	GlobalSection(SolutionProperties) = preSolution
		HideSolutionNode = FALSE
	EndGlobalSection
	GlobalSection(ExtensibilityGlobals) = postSolution
		SolutionGuid = {57BA44F9-8815-4711-BECD-52A1EBA6E9B0}
	EndGlobalSection
EndGlobal
